
Microsoft Visual Studio Solution File, Format Version 12.00
# Visual Studio Version 16
VisualStudioVersion = 16.0.29001.49
MinimumVisualStudioVersion = 10.0.40219.1
Project("{FAE04EC0-301F-11D3-BF4B-00C04F79EFBC}") = "ExamenPrimerParcial", "ExamenPrimerParcial\ExamenPrimerParcial.csproj", "{5231436F-3C1C-400D-9F23-5D8F6B7A5094}"
EndProject
Global
	GlobalSection(SolutionConfigurationPlatforms) = preSolution
		Debug|Any CPU = Debug|Any CPU
		Release|Any CPU = Release|Any CPU
	EndGlobalSection
	GlobalSection(ProjectConfigurationPlatforms) = postSolution
		{5231436F-3C1C-400D-9F23-5D8F6B7A5094}.Debug|Any CPU.ActiveCfg = Debug|Any CPU
		{5231436F-3C1C-400D-9F23-5D8F6B7A5094}.Debug|Any CPU.Build.0 = Debug|Any CPU
		{5231436F-3C1C-400D-9F23-5D8F6B7A5094}.Release|Any CPU.ActiveCfg = Release|Any CPU
		{5231436F-3C1C-400D-9F23-5D8F6B7A5094}.Release|Any CPU.Build.0 = Release|Any CPU
	EndGlobalSection
	GlobalSection(SolutionProperties) = preSolution
		HideSolutionNode = FALSE
	EndGlobalSection
	GlobalSection(ExtensibilityGlobals) = postSolution
		SolutionGuid = {BD07CCCF-FDD3-4E79-B1E3-B8A86AB0F196}
	EndGlobalSection
EndGlobal
